// !$*UTF8*$!
{
	archiveVersion = 1;
	classes = {
	};
	objectVersion = 56;
	objects = {

/* Begin PBXBuildFile section */
		0D809FE82D2E3BC900557D5E /* PatientCareApp.swift in Sources */ = {isa = PBXBuildFile; fileRef = 0D809FE72D2E3BC900557D5E /* PatientCareApp.swift */; };
		0D809FEC2D2E3BD200557D5E /* Assets.xcassets in Resources */ = {isa = PBXBuildFile; fileRef = 0D809FEB2D2E3BD200557D5E /* Assets.xcassets */; };
		0D809FEF2D2E3BD200557D5E /* Preview Assets.xcassets in Resources */ = {isa = PBXBuildFile; fileRef = 0D809FEE2D2E3BD200557D5E /* Preview Assets.xcassets */; };
		0D809FF92D2E3BD400557D5E /* PatientCareTests.swift in Sources */ = {isa = PBXBuildFile; fileRef = 0D809FF82D2E3BD400557D5E /* PatientCareTests.swift */; };
		0D80A0032D2E3BD400557D5E /* PatientCareUITests.swift in Sources */ = {isa = PBXBuildFile; fileRef = 0D80A0022D2E3BD400557D5E /* PatientCareUITests.swift */; };
		0D80A0052D2E3BD400557D5E /* PatientCareUITestsLaunchTests.swift in Sources */ = {isa = PBXBuildFile; fileRef = 0D80A0042D2E3BD400557D5E /* PatientCareUITestsLaunchTests.swift */; };
		0D80A0222D2E3CA500557D5E /* HomeView.swift in Sources */ = {isa = PBXBuildFile; fileRef = 0D80A0112D2E3CA500557D5E /* HomeView.swift */; };
		0D80A0242D2E3CA500557D5E /* UserDataModel.swift in Sources */ = {isa = PBXBuildFile; fileRef = 0D80A0132D2E3CA500557D5E /* UserDataModel.swift */; };
		0D80A0252D2E3CA500557D5E /* AuthDataModel.swift in Sources */ = {isa = PBXBuildFile; fileRef = 0D80A0152D2E3CA500557D5E /* AuthDataModel.swift */; };
		0D80A0262D2E3CA500557D5E /* AuthManager.swift in Sources */ = {isa = PBXBuildFile; fileRef = 0D80A0162D2E3CA500557D5E /* AuthManager.swift */; };
		0D80A0272D2E3CA500557D5E /* AuthViewModel.swift in Sources */ = {isa = PBXBuildFile; fileRef = 0D80A0172D2E3CA500557D5E /* AuthViewModel.swift */; };
		0D80A0282D2E3CA500557D5E /* LoginView.swift in Sources */ = {isa = PBXBuildFile; fileRef = 0D80A0182D2E3CA500557D5E /* LoginView.swift */; };
		0D80A0292D2E3CA500557D5E /* PasswordRecoveryView.swift in Sources */ = {isa = PBXBuildFile; fileRef = 0D80A0192D2E3CA500557D5E /* PasswordRecoveryView.swift */; };
		0D80A02A2D2E3CA500557D5E /* GoogleService-Info.plist in Resources */ = {isa = PBXBuildFile; fileRef = 0D80A01B2D2E3CA500557D5E /* GoogleService-Info.plist */; };
		0D80A02D2D2E3CA500557D5E /* RootView.swift in Sources */ = {isa = PBXBuildFile; fileRef = 0D80A01F2D2E3CA500557D5E /* RootView.swift */; };
		0D80A02E2D2E3CA500557D5E /* FirebaseManager.swift in Sources */ = {isa = PBXBuildFile; fileRef = 0D80A0202D2E3CA500557D5E /* FirebaseManager.swift */; };
		0D80A0312D2E3D1F00557D5E /* FirebaseAnalytics in Frameworks */ = {isa = PBXBuildFile; productRef = 0D80A0302D2E3D1F00557D5E /* FirebaseAnalytics */; };
		0D80A0332D2E3D1F00557D5E /* FirebaseAnalyticsOnDeviceConversion in Frameworks */ = {isa = PBXBuildFile; productRef = 0D80A0322D2E3D1F00557D5E /* FirebaseAnalyticsOnDeviceConversion */; };
		0D80A0352D2E3D1F00557D5E /* FirebaseAnalyticsWithoutAdIdSupport in Frameworks */ = {isa = PBXBuildFile; productRef = 0D80A0342D2E3D1F00557D5E /* FirebaseAnalyticsWithoutAdIdSupport */; };
		0D80A0372D2E3D1F00557D5E /* FirebaseAppCheck in Frameworks */ = {isa = PBXBuildFile; productRef = 0D80A0362D2E3D1F00557D5E /* FirebaseAppCheck */; };
		0D80A0392D2E3D1F00557D5E /* FirebaseAppDistribution-Beta in Frameworks */ = {isa = PBXBuildFile; productRef = 0D80A0382D2E3D1F00557D5E /* FirebaseAppDistribution-Beta */; };
		0D80A03B2D2E3D1F00557D5E /* FirebaseAuth in Frameworks */ = {isa = PBXBuildFile; productRef = 0D80A03A2D2E3D1F00557D5E /* FirebaseAuth */; };
		0D80A03D2D2E3D1F00557D5E /* FirebaseAuthCombine-Community in Frameworks */ = {isa = PBXBuildFile; productRef = 0D80A03C2D2E3D1F00557D5E /* FirebaseAuthCombine-Community */; };
		0D80A03F2D2E3D1F00557D5E /* FirebaseCore in Frameworks */ = {isa = PBXBuildFile; productRef = 0D80A03E2D2E3D1F00557D5E /* FirebaseCore */; };
		0D80A0412D2E3D1F00557D5E /* FirebaseCrashlytics in Frameworks */ = {isa = PBXBuildFile; productRef = 0D80A0402D2E3D1F00557D5E /* FirebaseCrashlytics */; };
		0D80A0432D2E3D1F00557D5E /* FirebaseDatabase in Frameworks */ = {isa = PBXBuildFile; productRef = 0D80A0422D2E3D1F00557D5E /* FirebaseDatabase */; };
		0D80A0452D2E3D1F00557D5E /* FirebaseDynamicLinks in Frameworks */ = {isa = PBXBuildFile; productRef = 0D80A0442D2E3D1F00557D5E /* FirebaseDynamicLinks */; };
		0D80A0472D2E3D1F00557D5E /* FirebaseFirestore in Frameworks */ = {isa = PBXBuildFile; productRef = 0D80A0462D2E3D1F00557D5E /* FirebaseFirestore */; };
		0D80A0492D2E3D1F00557D5E /* FirebaseFirestoreCombine-Community in Frameworks */ = {isa = PBXBuildFile; productRef = 0D80A0482D2E3D1F00557D5E /* FirebaseFirestoreCombine-Community */; };
		0D80A04B2D2E3D1F00557D5E /* FirebaseFunctions in Frameworks */ = {isa = PBXBuildFile; productRef = 0D80A04A2D2E3D1F00557D5E /* FirebaseFunctions */; };
		0D80A04D2D2E3D1F00557D5E /* FirebaseFunctionsCombine-Community in Frameworks */ = {isa = PBXBuildFile; productRef = 0D80A04C2D2E3D1F00557D5E /* FirebaseFunctionsCombine-Community */; };
		0D80A04F2D2E3D1F00557D5E /* FirebaseInAppMessaging-Beta in Frameworks */ = {isa = PBXBuildFile; productRef = 0D80A04E2D2E3D1F00557D5E /* FirebaseInAppMessaging-Beta */; };
		0D80A0512D2E3D1F00557D5E /* FirebaseInstallations in Frameworks */ = {isa = PBXBuildFile; productRef = 0D80A0502D2E3D1F00557D5E /* FirebaseInstallations */; };
		0D80A0532D2E3D1F00557D5E /* FirebaseMLModelDownloader in Frameworks */ = {isa = PBXBuildFile; productRef = 0D80A0522D2E3D1F00557D5E /* FirebaseMLModelDownloader */; };
		0D80A0552D2E3D1F00557D5E /* FirebaseMessaging in Frameworks */ = {isa = PBXBuildFile; productRef = 0D80A0542D2E3D1F00557D5E /* FirebaseMessaging */; };
		0D80A0572D2E3D1F00557D5E /* FirebasePerformance in Frameworks */ = {isa = PBXBuildFile; productRef = 0D80A0562D2E3D1F00557D5E /* FirebasePerformance */; };
		0D80A0592D2E3D1F00557D5E /* FirebaseRemoteConfig in Frameworks */ = {isa = PBXBuildFile; productRef = 0D80A0582D2E3D1F00557D5E /* FirebaseRemoteConfig */; };
		0D80A05B2D2E3D1F00557D5E /* FirebaseStorage in Frameworks */ = {isa = PBXBuildFile; productRef = 0D80A05A2D2E3D1F00557D5E /* FirebaseStorage */; };
		0D80A05D2D2E3D1F00557D5E /* FirebaseStorageCombine-Community in Frameworks */ = {isa = PBXBuildFile; productRef = 0D80A05C2D2E3D1F00557D5E /* FirebaseStorageCombine-Community */; };
		0D80A05F2D2E3D1F00557D5E /* FirebaseVertexAI in Frameworks */ = {isa = PBXBuildFile; productRef = 0D80A05E2D2E3D1F00557D5E /* FirebaseVertexAI */; };
		0DB51AF42D2FA76E0016748E /* HomeViewModel.swift in Sources */ = {isa = PBXBuildFile; fileRef = 0DB51AF32D2FA76E0016748E /* HomeViewModel.swift */; };
		0DB51AF72D2FA8320016748E /* PatientDataModel.swift in Sources */ = {isa = PBXBuildFile; fileRef = 0DB51AF52D2FA8320016748E /* PatientDataModel.swift */; };
		0DB51AF82D2FA8320016748E /* HealthKitManager.swift in Sources */ = {isa = PBXBuildFile; fileRef = 0DB51AF62D2FA8320016748E /* HealthKitManager.swift */; };
		0DB51AFC2D2FB38C0016748E /* SimulationView.swift in Sources */ = {isa = PBXBuildFile; fileRef = 0DB51AFB2D2FB38C0016748E /* SimulationView.swift */; };
		0DB51AFE2D2FB4610016748E /* SimulationViewModel.swift in Sources */ = {isa = PBXBuildFile; fileRef = 0DB51AFD2D2FB4610016748E /* SimulationViewModel.swift */; };
		0DE60DDA2D2E885100966C8B /* PermissionView.swift in Sources */ = {isa = PBXBuildFile; fileRef = 0DE60DD92D2E885100966C8B /* PermissionView.swift */; };
/* End PBXBuildFile section */

/* Begin PBXContainerItemProxy section */
		0D809FF52D2E3BD400557D5E /* PBXContainerItemProxy */ = {
			isa = PBXContainerItemProxy;
			containerPortal = 0D809FDC2D2E3BC900557D5E /* Project object */;
			proxyType = 1;
			remoteGlobalIDString = 0D809FE32D2E3BC900557D5E;
			remoteInfo = PatientCare;
		};
		0D809FFF2D2E3BD400557D5E /* PBXContainerItemProxy */ = {
			isa = PBXContainerItemProxy;
			containerPortal = 0D809FDC2D2E3BC900557D5E /* Project object */;
			proxyType = 1;
			remoteGlobalIDString = 0D809FE32D2E3BC900557D5E;
			remoteInfo = PatientCare;
		};
/* End PBXContainerItemProxy section */

/* Begin PBXFileReference section */
		0D809FE42D2E3BC900557D5E /* PatientCare.app */ = {isa = PBXFileReference; explicitFileType = wrapper.application; includeInIndex = 0; path = PatientCare.app; sourceTree = BUILT_PRODUCTS_DIR; };
		0D809FE72D2E3BC900557D5E /* PatientCareApp.swift */ = {isa = PBXFileReference; lastKnownFileType = sourcecode.swift; path = PatientCareApp.swift; sourceTree = "<group>"; };
		0D809FEB2D2E3BD200557D5E /* Assets.xcassets */ = {isa = PBXFileReference; lastKnownFileType = folder.assetcatalog; path = Assets.xcassets; sourceTree = "<group>"; };
		0D809FEE2D2E3BD200557D5E /* Preview Assets.xcassets */ = {isa = PBXFileReference; lastKnownFileType = folder.assetcatalog; path = "Preview Assets.xcassets"; sourceTree = "<group>"; };
		0D809FF42D2E3BD400557D5E /* PatientCareTests.xctest */ = {isa = PBXFileReference; explicitFileType = wrapper.cfbundle; includeInIndex = 0; path = PatientCareTests.xctest; sourceTree = BUILT_PRODUCTS_DIR; };
		0D809FF82D2E3BD400557D5E /* PatientCareTests.swift */ = {isa = PBXFileReference; lastKnownFileType = sourcecode.swift; path = PatientCareTests.swift; sourceTree = "<group>"; };
		0D809FFE2D2E3BD400557D5E /* PatientCareUITests.xctest */ = {isa = PBXFileReference; explicitFileType = wrapper.cfbundle; includeInIndex = 0; path = PatientCareUITests.xctest; sourceTree = BUILT_PRODUCTS_DIR; };
		0D80A0022D2E3BD400557D5E /* PatientCareUITests.swift */ = {isa = PBXFileReference; lastKnownFileType = sourcecode.swift; path = PatientCareUITests.swift; sourceTree = "<group>"; };
		0D80A0042D2E3BD400557D5E /* PatientCareUITestsLaunchTests.swift */ = {isa = PBXFileReference; lastKnownFileType = sourcecode.swift; path = PatientCareUITestsLaunchTests.swift; sourceTree = "<group>"; };
		0D80A0112D2E3CA500557D5E /* HomeView.swift */ = {isa = PBXFileReference; fileEncoding = 4; lastKnownFileType = sourcecode.swift; path = HomeView.swift; sourceTree = "<group>"; };
		0D80A0132D2E3CA500557D5E /* UserDataModel.swift */ = {isa = PBXFileReference; fileEncoding = 4; lastKnownFileType = sourcecode.swift; path = UserDataModel.swift; sourceTree = "<group>"; };
		0D80A0152D2E3CA500557D5E /* AuthDataModel.swift */ = {isa = PBXFileReference; fileEncoding = 4; lastKnownFileType = sourcecode.swift; path = AuthDataModel.swift; sourceTree = "<group>"; };
		0D80A0162D2E3CA500557D5E /* AuthManager.swift */ = {isa = PBXFileReference; fileEncoding = 4; lastKnownFileType = sourcecode.swift; path = AuthManager.swift; sourceTree = "<group>"; };
		0D80A0172D2E3CA500557D5E /* AuthViewModel.swift */ = {isa = PBXFileReference; fileEncoding = 4; lastKnownFileType = sourcecode.swift; path = AuthViewModel.swift; sourceTree = "<group>"; };
		0D80A0182D2E3CA500557D5E /* LoginView.swift */ = {isa = PBXFileReference; fileEncoding = 4; lastKnownFileType = sourcecode.swift; path = LoginView.swift; sourceTree = "<group>"; };
		0D80A0192D2E3CA500557D5E /* PasswordRecoveryView.swift */ = {isa = PBXFileReference; fileEncoding = 4; lastKnownFileType = sourcecode.swift; path = PasswordRecoveryView.swift; sourceTree = "<group>"; };
		0D80A01B2D2E3CA500557D5E /* GoogleService-Info.plist */ = {isa = PBXFileReference; fileEncoding = 4; lastKnownFileType = text.plist.xml; name = "GoogleService-Info.plist"; path = "PatientCare/GoogleService-Info.plist"; sourceTree = "<group>"; };
		0D80A01C2D2E3CA500557D5E /* Assets.xcassets */ = {isa = PBXFileReference; lastKnownFileType = folder.assetcatalog; path = Assets.xcassets; sourceTree = "<group>"; };
		0D80A01D2D2E3CA500557D5E /* Preview Assets.xcassets */ = {isa = PBXFileReference; lastKnownFileType = folder.assetcatalog; path = "Preview Assets.xcassets"; sourceTree = "<group>"; };
		0D80A01F2D2E3CA500557D5E /* RootView.swift */ = {isa = PBXFileReference; fileEncoding = 4; lastKnownFileType = sourcecode.swift; path = RootView.swift; sourceTree = "<group>"; };
		0D80A0202D2E3CA500557D5E /* FirebaseManager.swift */ = {isa = PBXFileReference; fileEncoding = 4; lastKnownFileType = sourcecode.swift; path = FirebaseManager.swift; sourceTree = "<group>"; };
		0DB51AF32D2FA76E0016748E /* HomeViewModel.swift */ = {isa = PBXFileReference; fileEncoding = 4; lastKnownFileType = sourcecode.swift; name = HomeViewModel.swift; path = PatientCare/PatientData/HomeViewModel.swift; sourceTree = SOURCE_ROOT; };
		0DB51AF52D2FA8320016748E /* PatientDataModel.swift */ = {isa = PBXFileReference; fileEncoding = 4; lastKnownFileType = sourcecode.swift; name = PatientDataModel.swift; path = PatientCare/PatientData/PatientDataModel.swift; sourceTree = SOURCE_ROOT; };
		0DB51AF62D2FA8320016748E /* HealthKitManager.swift */ = {isa = PBXFileReference; fileEncoding = 4; lastKnownFileType = sourcecode.swift; name = HealthKitManager.swift; path = PatientCare/PatientData/HealthKitManager.swift; sourceTree = SOURCE_ROOT; };
		0DB51AFB2D2FB38C0016748E /* SimulationView.swift */ = {isa = PBXFileReference; lastKnownFileType = sourcecode.swift; path = SimulationView.swift; sourceTree = "<group>"; };
		0DB51AFD2D2FB4610016748E /* SimulationViewModel.swift */ = {isa = PBXFileReference; lastKnownFileType = sourcecode.swift; path = SimulationViewModel.swift; sourceTree = "<group>"; };
		0DE60DD92D2E885100966C8B /* PermissionView.swift */ = {isa = PBXFileReference; lastKnownFileType = sourcecode.swift; path = PermissionView.swift; sourceTree = "<group>"; };
		0DEC108C2D2F8C05008DE364 /* PatientCare.entitlements */ = {isa = PBXFileReference; lastKnownFileType = text.plist.entitlements; path = PatientCare.entitlements; sourceTree = "<group>"; };
/* End PBXFileReference section */

/* Begin PBXFrameworksBuildPhase section */
		0D809FE12D2E3BC900557D5E /* Frameworks */ = {
			isa = PBXFrameworksBuildPhase;
			buildActionMask = 2147483647;
			files = (
				0D80A0492D2E3D1F00557D5E /* FirebaseFirestoreCombine-Community in Frameworks */,
				0D80A05F2D2E3D1F00557D5E /* FirebaseVertexAI in Frameworks */,
				0D80A04B2D2E3D1F00557D5E /* FirebaseFunctions in Frameworks */,
				0D80A0572D2E3D1F00557D5E /* FirebasePerformance in Frameworks */,
				0D80A05D2D2E3D1F00557D5E /* FirebaseStorageCombine-Community in Frameworks */,
				0D80A0592D2E3D1F00557D5E /* FirebaseRemoteConfig in Frameworks */,
				0D80A0432D2E3D1F00557D5E /* FirebaseDatabase in Frameworks */,
				0D80A0452D2E3D1F00557D5E /* FirebaseDynamicLinks in Frameworks */,
				0D80A0372D2E3D1F00557D5E /* FirebaseAppCheck in Frameworks */,
				0D80A03B2D2E3D1F00557D5E /* FirebaseAuth in Frameworks */,
				0D80A0312D2E3D1F00557D5E /* FirebaseAnalytics in Frameworks */,
				0D80A0472D2E3D1F00557D5E /* FirebaseFirestore in Frameworks */,
				0D80A0552D2E3D1F00557D5E /* FirebaseMessaging in Frameworks */,
				0D80A0512D2E3D1F00557D5E /* FirebaseInstallations in Frameworks */,
				0D80A04D2D2E3D1F00557D5E /* FirebaseFunctionsCombine-Community in Frameworks */,
				0D80A0392D2E3D1F00557D5E /* FirebaseAppDistribution-Beta in Frameworks */,
				0D80A0352D2E3D1F00557D5E /* FirebaseAnalyticsWithoutAdIdSupport in Frameworks */,
				0D80A04F2D2E3D1F00557D5E /* FirebaseInAppMessaging-Beta in Frameworks */,
				0D80A03D2D2E3D1F00557D5E /* FirebaseAuthCombine-Community in Frameworks */,
				0D80A0412D2E3D1F00557D5E /* FirebaseCrashlytics in Frameworks */,
				0D80A0532D2E3D1F00557D5E /* FirebaseMLModelDownloader in Frameworks */,
				0D80A05B2D2E3D1F00557D5E /* FirebaseStorage in Frameworks */,
				0D80A03F2D2E3D1F00557D5E /* FirebaseCore in Frameworks */,
				0D80A0332D2E3D1F00557D5E /* FirebaseAnalyticsOnDeviceConversion in Frameworks */,
			);
			runOnlyForDeploymentPostprocessing = 0;
		};
		0D809FF12D2E3BD400557D5E /* Frameworks */ = {
			isa = PBXFrameworksBuildPhase;
			buildActionMask = 2147483647;
			files = (
			);
			runOnlyForDeploymentPostprocessing = 0;
		};
		0D809FFB2D2E3BD400557D5E /* Frameworks */ = {
			isa = PBXFrameworksBuildPhase;
			buildActionMask = 2147483647;
			files = (
			);
			runOnlyForDeploymentPostprocessing = 0;
		};
/* End PBXFrameworksBuildPhase section */

/* Begin PBXGroup section */
		0D809FDB2D2E3BC900557D5E = {
			isa = PBXGroup;
			children = (
				0D80A01B2D2E3CA500557D5E /* GoogleService-Info.plist */,
				0D809FE62D2E3BC900557D5E /* PatientCare */,
				0D809FF72D2E3BD400557D5E /* PatientCareTests */,
				0D80A0012D2E3BD400557D5E /* PatientCareUITests */,
				0D809FE52D2E3BC900557D5E /* Products */,
			);
			sourceTree = "<group>";
		};
		0D809FE52D2E3BC900557D5E /* Products */ = {
			isa = PBXGroup;
			children = (
				0D809FE42D2E3BC900557D5E /* PatientCare.app */,
				0D809FF42D2E3BD400557D5E /* PatientCareTests.xctest */,
				0D809FFE2D2E3BD400557D5E /* PatientCareUITests.xctest */,
			);
			name = Products;
			sourceTree = "<group>";
		};
		0D809FE62D2E3BC900557D5E /* PatientCare */ = {
			isa = PBXGroup;
			children = (
				0DB51AFA2D2FB3660016748E /* Simulations */,
				0D80A01C2D2E3CA500557D5E /* Assets.xcassets */,
				0D80A0602D2E466A00557D5E /* PatientData */,
				0D80A01A2D2E3CA500557D5E /* AuthGroup */,
				0D80A0212D2E3CA500557D5E /* FirebaseInteraction */,
				0D80A0142D2E3CA500557D5E /* Home */,
				0D80A01E2D2E3CA500557D5E /* Preview Content */,
				0DEC108C2D2F8C05008DE364 /* PatientCare.entitlements */,
				0D80A01F2D2E3CA500557D5E /* RootView.swift */,
				0D809FE72D2E3BC900557D5E /* PatientCareApp.swift */,
				0DE60DD92D2E885100966C8B /* PermissionView.swift */,
				0D809FEB2D2E3BD200557D5E /* Assets.xcassets */,
				0D809FED2D2E3BD200557D5E /* Preview Content */,
			);
			path = PatientCare;
			sourceTree = "<group>";
		};
		0D809FED2D2E3BD200557D5E /* Preview Content */ = {
			isa = PBXGroup;
			children = (
				0D809FEE2D2E3BD200557D5E /* Preview Assets.xcassets */,
			);
			path = "Preview Content";
			sourceTree = "<group>";
		};
		0D809FF72D2E3BD400557D5E /* PatientCareTests */ = {
			isa = PBXGroup;
			children = (
				0D809FF82D2E3BD400557D5E /* PatientCareTests.swift */,
			);
			path = PatientCareTests;
			sourceTree = "<group>";
		};
		0D80A0012D2E3BD400557D5E /* PatientCareUITests */ = {
			isa = PBXGroup;
			children = (
				0D80A0022D2E3BD400557D5E /* PatientCareUITests.swift */,
				0D80A0042D2E3BD400557D5E /* PatientCareUITestsLaunchTests.swift */,
			);
			path = PatientCareUITests;
			sourceTree = "<group>";
		};
		0D80A0142D2E3CA500557D5E /* Home */ = {
			isa = PBXGroup;
			children = (
				0D80A0112D2E3CA500557D5E /* HomeView.swift */,
				0DB51AF32D2FA76E0016748E /* HomeViewModel.swift */,
				0D80A0132D2E3CA500557D5E /* UserDataModel.swift */,
			);
			path = Home;
			sourceTree = "<group>";
		};
		0D80A01A2D2E3CA500557D5E /* AuthGroup */ = {
			isa = PBXGroup;
			children = (
				0D80A0152D2E3CA500557D5E /* AuthDataModel.swift */,
				0D80A0162D2E3CA500557D5E /* AuthManager.swift */,
				0D80A0172D2E3CA500557D5E /* AuthViewModel.swift */,
				0D80A0182D2E3CA500557D5E /* LoginView.swift */,
				0D80A0192D2E3CA500557D5E /* PasswordRecoveryView.swift */,
			);
			path = AuthGroup;
			sourceTree = "<group>";
		};
		0D80A01E2D2E3CA500557D5E /* Preview Content */ = {
			isa = PBXGroup;
			children = (
				0D80A01D2D2E3CA500557D5E /* Preview Assets.xcassets */,
			);
			path = "Preview Content";
			sourceTree = "<group>";
		};
		0D80A0212D2E3CA500557D5E /* FirebaseInteraction */ = {
			isa = PBXGroup;
			children = (
				0D80A0202D2E3CA500557D5E /* FirebaseManager.swift */,
			);
			path = FirebaseInteraction;
			sourceTree = "<group>";
		};
		0D80A0602D2E466A00557D5E /* PatientData */ = {
			isa = PBXGroup;
			children = (
				0DB51AF62D2FA8320016748E /* HealthKitManager.swift */,
				0DB51AF52D2FA8320016748E /* PatientDataModel.swift */,
			);
			name = PatientData;
			path = ../PatientData;
			sourceTree = "<group>";
		};
		0DB51AFA2D2FB3660016748E /* Simulations */ = {
			isa = PBXGroup;
			children = (
				0DB51AFB2D2FB38C0016748E /* SimulationView.swift */,
				0DB51AFD2D2FB4610016748E /* SimulationViewModel.swift */,
			);
			path = Simulations;
			sourceTree = "<group>";
		};
/* End PBXGroup section */

/* Begin PBXNativeTarget section */
		0D809FE32D2E3BC900557D5E /* PatientCare */ = {
			isa = PBXNativeTarget;
			buildConfigurationList = 0D80A0082D2E3BD400557D5E /* Build configuration list for PBXNativeTarget "PatientCare" */;
			buildPhases = (
				0D809FE02D2E3BC900557D5E /* Sources */,
				0D809FE12D2E3BC900557D5E /* Frameworks */,
				0D809FE22D2E3BC900557D5E /* Resources */,
			);
			buildRules = (
			);
			dependencies = (
			);
			name = PatientCare;
			packageProductDependencies = (
				0D80A0302D2E3D1F00557D5E /* FirebaseAnalytics */,
				0D80A0322D2E3D1F00557D5E /* FirebaseAnalyticsOnDeviceConversion */,
				0D80A0342D2E3D1F00557D5E /* FirebaseAnalyticsWithoutAdIdSupport */,
				0D80A0362D2E3D1F00557D5E /* FirebaseAppCheck */,
				0D80A0382D2E3D1F00557D5E /* FirebaseAppDistribution-Beta */,
				0D80A03A2D2E3D1F00557D5E /* FirebaseAuth */,
				0D80A03C2D2E3D1F00557D5E /* FirebaseAuthCombine-Community */,
				0D80A03E2D2E3D1F00557D5E /* FirebaseCore */,
				0D80A0402D2E3D1F00557D5E /* FirebaseCrashlytics */,
				0D80A0422D2E3D1F00557D5E /* FirebaseDatabase */,
				0D80A0442D2E3D1F00557D5E /* FirebaseDynamicLinks */,
				0D80A0462D2E3D1F00557D5E /* FirebaseFirestore */,
				0D80A0482D2E3D1F00557D5E /* FirebaseFirestoreCombine-Community */,
				0D80A04A2D2E3D1F00557D5E /* FirebaseFunctions */,
				0D80A04C2D2E3D1F00557D5E /* FirebaseFunctionsCombine-Community */,
				0D80A04E2D2E3D1F00557D5E /* FirebaseInAppMessaging-Beta */,
				0D80A0502D2E3D1F00557D5E /* FirebaseInstallations */,
				0D80A0522D2E3D1F00557D5E /* FirebaseMLModelDownloader */,
				0D80A0542D2E3D1F00557D5E /* FirebaseMessaging */,
				0D80A0562D2E3D1F00557D5E /* FirebasePerformance */,
				0D80A0582D2E3D1F00557D5E /* FirebaseRemoteConfig */,
				0D80A05A2D2E3D1F00557D5E /* FirebaseStorage */,
				0D80A05C2D2E3D1F00557D5E /* FirebaseStorageCombine-Community */,
				0D80A05E2D2E3D1F00557D5E /* FirebaseVertexAI */,
			);
			productName = PatientCare;
			productReference = 0D809FE42D2E3BC900557D5E /* PatientCare.app */;
			productType = "com.apple.product-type.application";
		};
		0D809FF32D2E3BD400557D5E /* PatientCareTests */ = {
			isa = PBXNativeTarget;
			buildConfigurationList = 0D80A00B2D2E3BD400557D5E /* Build configuration list for PBXNativeTarget "PatientCareTests" */;
			buildPhases = (
				0D809FF02D2E3BD400557D5E /* Sources */,
				0D809FF12D2E3BD400557D5E /* Frameworks */,
				0D809FF22D2E3BD400557D5E /* Resources */,
			);
			buildRules = (
			);
			dependencies = (
				0D809FF62D2E3BD400557D5E /* PBXTargetDependency */,
			);
			name = PatientCareTests;
			productName = PatientCareTests;
			productReference = 0D809FF42D2E3BD400557D5E /* PatientCareTests.xctest */;
			productType = "com.apple.product-type.bundle.unit-test";
		};
		0D809FFD2D2E3BD400557D5E /* PatientCareUITests */ = {
			isa = PBXNativeTarget;
			buildConfigurationList = 0D80A00E2D2E3BD400557D5E /* Build configuration list for PBXNativeTarget "PatientCareUITests" */;
			buildPhases = (
				0D809FFA2D2E3BD400557D5E /* Sources */,
				0D809FFB2D2E3BD400557D5E /* Frameworks */,
				0D809FFC2D2E3BD400557D5E /* Resources */,
			);
			buildRules = (
			);
			dependencies = (
				0D80A0002D2E3BD400557D5E /* PBXTargetDependency */,
			);
			name = PatientCareUITests;
			productName = PatientCareUITests;
			productReference = 0D809FFE2D2E3BD400557D5E /* PatientCareUITests.xctest */;
			productType = "com.apple.product-type.bundle.ui-testing";
		};
/* End PBXNativeTarget section */

/* Begin PBXProject section */
		0D809FDC2D2E3BC900557D5E /* Project object */ = {
			isa = PBXProject;
			attributes = {
				BuildIndependentTargetsInParallel = 1;
				LastSwiftUpdateCheck = 1540;
				LastUpgradeCheck = 1540;
				TargetAttributes = {
					0D809FE32D2E3BC900557D5E = {
						CreatedOnToolsVersion = 15.4;
					};
					0D809FF32D2E3BD400557D5E = {
						CreatedOnToolsVersion = 15.4;
						TestTargetID = 0D809FE32D2E3BC900557D5E;
					};
					0D809FFD2D2E3BD400557D5E = {
						CreatedOnToolsVersion = 15.4;
						TestTargetID = 0D809FE32D2E3BC900557D5E;
					};
				};
			};
			buildConfigurationList = 0D809FDF2D2E3BC900557D5E /* Build configuration list for PBXProject "PatientCare" */;
			compatibilityVersion = "Xcode 14.0";
			developmentRegion = en;
			hasScannedForEncodings = 0;
			knownRegions = (
				en,
				Base,
			);
			mainGroup = 0D809FDB2D2E3BC900557D5E;
			packageReferences = (
				0D80A02F2D2E3D1F00557D5E /* XCRemoteSwiftPackageReference "firebase-ios-sdk" */,
			);
			productRefGroup = 0D809FE52D2E3BC900557D5E /* Products */;
			projectDirPath = "";
			projectRoot = "";
			targets = (
				0D809FE32D2E3BC900557D5E /* PatientCare */,
				0D809FF32D2E3BD400557D5E /* PatientCareTests */,
				0D809FFD2D2E3BD400557D5E /* PatientCareUITests */,
			);
		};
/* End PBXProject section */

/* Begin PBXResourcesBuildPhase section */
		0D809FE22D2E3BC900557D5E /* Resources */ = {
			isa = PBXResourcesBuildPhase;
			buildActionMask = 2147483647;
			files = (
				0D809FEF2D2E3BD200557D5E /* Preview Assets.xcassets in Resources */,
				0D809FEC2D2E3BD200557D5E /* Assets.xcassets in Resources */,
				0D80A02A2D2E3CA500557D5E /* GoogleService-Info.plist in Resources */,
			);
			runOnlyForDeploymentPostprocessing = 0;
		};
		0D809FF22D2E3BD400557D5E /* Resources */ = {
			isa = PBXResourcesBuildPhase;
			buildActionMask = 2147483647;
			files = (
			);
			runOnlyForDeploymentPostprocessing = 0;
		};
		0D809FFC2D2E3BD400557D5E /* Resources */ = {
			isa = PBXResourcesBuildPhase;
			buildActionMask = 2147483647;
			files = (
			);
			runOnlyForDeploymentPostprocessing = 0;
		};
/* End PBXResourcesBuildPhase section */

/* Begin PBXSourcesBuildPhase section */
		0D809FE02D2E3BC900557D5E /* Sources */ = {
			isa = PBXSourcesBuildPhase;
			buildActionMask = 2147483647;
			files = (
				0D80A0292D2E3CA500557D5E /* PasswordRecoveryView.swift in Sources */,
				0D80A0242D2E3CA500557D5E /* UserDataModel.swift in Sources */,
				0D80A0262D2E3CA500557D5E /* AuthManager.swift in Sources */,
				0D809FE82D2E3BC900557D5E /* PatientCareApp.swift in Sources */,
				0D80A02E2D2E3CA500557D5E /* FirebaseManager.swift in Sources */,
				0DB51AFE2D2FB4610016748E /* SimulationViewModel.swift in Sources */,
				0D80A02D2D2E3CA500557D5E /* RootView.swift in Sources */,
				0D80A0272D2E3CA500557D5E /* AuthViewModel.swift in Sources */,
				0DE60DDA2D2E885100966C8B /* PermissionView.swift in Sources */,
				0D80A0252D2E3CA500557D5E /* AuthDataModel.swift in Sources */,
				0DB51AF82D2FA8320016748E /* HealthKitManager.swift in Sources */,
				0D80A0282D2E3CA500557D5E /* LoginView.swift in Sources */,
				0DB51AF42D2FA76E0016748E /* HomeViewModel.swift in Sources */,
				0DB51AFC2D2FB38C0016748E /* SimulationView.swift in Sources */,
				0D80A0222D2E3CA500557D5E /* HomeView.swift in Sources */,
				0DB51AF72D2FA8320016748E /* PatientDataModel.swift in Sources */,
			);
			runOnlyForDeploymentPostprocessing = 0;
		};
		0D809FF02D2E3BD400557D5E /* Sources */ = {
			isa = PBXSourcesBuildPhase;
			buildActionMask = 2147483647;
			files = (
				0D809FF92D2E3BD400557D5E /* PatientCareTests.swift in Sources */,
			);
			runOnlyForDeploymentPostprocessing = 0;
		};
		0D809FFA2D2E3BD400557D5E /* Sources */ = {
			isa = PBXSourcesBuildPhase;
			buildActionMask = 2147483647;
			files = (
				0D80A0032D2E3BD400557D5E /* PatientCareUITests.swift in Sources */,
				0D80A0052D2E3BD400557D5E /* PatientCareUITestsLaunchTests.swift in Sources */,
			);
			runOnlyForDeploymentPostprocessing = 0;
		};
/* End PBXSourcesBuildPhase section */

/* Begin PBXTargetDependency section */
		0D809FF62D2E3BD400557D5E /* PBXTargetDependency */ = {
			isa = PBXTargetDependency;
			target = 0D809FE32D2E3BC900557D5E /* PatientCare */;
			targetProxy = 0D809FF52D2E3BD400557D5E /* PBXContainerItemProxy */;
		};
		0D80A0002D2E3BD400557D5E /* PBXTargetDependency */ = {
			isa = PBXTargetDependency;
			target = 0D809FE32D2E3BC900557D5E /* PatientCare */;
			targetProxy = 0D809FFF2D2E3BD400557D5E /* PBXContainerItemProxy */;
		};
/* End PBXTargetDependency section */

/* Begin XCBuildConfiguration section */
		0D80A0062D2E3BD400557D5E /* Debug */ = {
			isa = XCBuildConfiguration;
			buildSettings = {
				ALWAYS_SEARCH_USER_PATHS = NO;
				ASSETCATALOG_COMPILER_GENERATE_SWIFT_ASSET_SYMBOL_EXTENSIONS = YES;
				CLANG_ANALYZER_NONNULL = YES;
				CLANG_ANALYZER_NUMBER_OBJECT_CONVERSION = YES_AGGRESSIVE;
				CLANG_CXX_LANGUAGE_STANDARD = "gnu++20";
				CLANG_ENABLE_MODULES = YES;
				CLANG_ENABLE_OBJC_ARC = YES;
				CLANG_ENABLE_OBJC_WEAK = YES;
				CLANG_WARN_BLOCK_CAPTURE_AUTORELEASING = YES;
				CLANG_WARN_BOOL_CONVERSION = YES;
				CLANG_WARN_COMMA = YES;
				CLANG_WARN_CONSTANT_CONVERSION = YES;
				CLANG_WARN_DEPRECATED_OBJC_IMPLEMENTATIONS = YES;
				CLANG_WARN_DIRECT_OBJC_ISA_USAGE = YES_ERROR;
				CLANG_WARN_DOCUMENTATION_COMMENTS = YES;
				CLANG_WARN_EMPTY_BODY = YES;
				CLANG_WARN_ENUM_CONVERSION = YES;
				CLANG_WARN_INFINITE_RECURSION = YES;
				CLANG_WARN_INT_CONVERSION = YES;
				CLANG_WARN_NON_LITERAL_NULL_CONVERSION = YES;
				CLANG_WARN_OBJC_IMPLICIT_RETAIN_SELF = YES;
				CLANG_WARN_OBJC_LITERAL_CONVERSION = YES;
				CLANG_WARN_OBJC_ROOT_CLASS = YES_ERROR;
				CLANG_WARN_QUOTED_INCLUDE_IN_FRAMEWORK_HEADER = YES;
				CLANG_WARN_RANGE_LOOP_ANALYSIS = YES;
				CLANG_WARN_STRICT_PROTOTYPES = YES;
				CLANG_WARN_SUSPICIOUS_MOVE = YES;
				CLANG_WARN_UNGUARDED_AVAILABILITY = YES_AGGRESSIVE;
				CLANG_WARN_UNREACHABLE_CODE = YES;
				CLANG_WARN__DUPLICATE_METHOD_MATCH = YES;
				COPY_PHASE_STRIP = NO;
				DEBUG_INFORMATION_FORMAT = dwarf;
				ENABLE_STRICT_OBJC_MSGSEND = YES;
				ENABLE_TESTABILITY = YES;
				ENABLE_USER_SCRIPT_SANDBOXING = YES;
				GCC_C_LANGUAGE_STANDARD = gnu17;
				GCC_DYNAMIC_NO_PIC = NO;
				GCC_NO_COMMON_BLOCKS = YES;
				GCC_OPTIMIZATION_LEVEL = 0;
				GCC_PREPROCESSOR_DEFINITIONS = (
					"DEBUG=1",
					"$(inherited)",
				);
				GCC_WARN_64_TO_32_BIT_CONVERSION = YES;
				GCC_WARN_ABOUT_RETURN_TYPE = YES_ERROR;
				GCC_WARN_UNDECLARED_SELECTOR = YES;
				GCC_WARN_UNINITIALIZED_AUTOS = YES_AGGRESSIVE;
				GCC_WARN_UNUSED_FUNCTION = YES;
				GCC_WARN_UNUSED_VARIABLE = YES;
				IPHONEOS_DEPLOYMENT_TARGET = 17.5;
				LOCALIZATION_PREFERS_STRING_CATALOGS = YES;
				MTL_ENABLE_DEBUG_INFO = INCLUDE_SOURCE;
				MTL_FAST_MATH = YES;
				ONLY_ACTIVE_ARCH = YES;
				SDKROOT = iphoneos;
				SWIFT_ACTIVE_COMPILATION_CONDITIONS = "DEBUG $(inherited)";
				SWIFT_OPTIMIZATION_LEVEL = "-Onone";
			};
			name = Debug;
		};
		0D80A0072D2E3BD400557D5E /* Release */ = {
			isa = XCBuildConfiguration;
			buildSettings = {
				ALWAYS_SEARCH_USER_PATHS = NO;
				ASSETCATALOG_COMPILER_GENERATE_SWIFT_ASSET_SYMBOL_EXTENSIONS = YES;
				CLANG_ANALYZER_NONNULL = YES;
				CLANG_ANALYZER_NUMBER_OBJECT_CONVERSION = YES_AGGRESSIVE;
				CLANG_CXX_LANGUAGE_STANDARD = "gnu++20";
				CLANG_ENABLE_MODULES = YES;
				CLANG_ENABLE_OBJC_ARC = YES;
				CLANG_ENABLE_OBJC_WEAK = YES;
				CLANG_WARN_BLOCK_CAPTURE_AUTORELEASING = YES;
				CLANG_WARN_BOOL_CONVERSION = YES;
				CLANG_WARN_COMMA = YES;
				CLANG_WARN_CONSTANT_CONVERSION = YES;
				CLANG_WARN_DEPRECATED_OBJC_IMPLEMENTATIONS = YES;
				CLANG_WARN_DIRECT_OBJC_ISA_USAGE = YES_ERROR;
				CLANG_WARN_DOCUMENTATION_COMMENTS = YES;
				CLANG_WARN_EMPTY_BODY = YES;
				CLANG_WARN_ENUM_CONVERSION = YES;
				CLANG_WARN_INFINITE_RECURSION = YES;
				CLANG_WARN_INT_CONVERSION = YES;
				CLANG_WARN_NON_LITERAL_NULL_CONVERSION = YES;
				CLANG_WARN_OBJC_IMPLICIT_RETAIN_SELF = YES;
				CLANG_WARN_OBJC_LITERAL_CONVERSION = YES;
				CLANG_WARN_OBJC_ROOT_CLASS = YES_ERROR;
				CLANG_WARN_QUOTED_INCLUDE_IN_FRAMEWORK_HEADER = YES;
				CLANG_WARN_RANGE_LOOP_ANALYSIS = YES;
				CLANG_WARN_STRICT_PROTOTYPES = YES;
				CLANG_WARN_SUSPICIOUS_MOVE = YES;
				CLANG_WARN_UNGUARDED_AVAILABILITY = YES_AGGRESSIVE;
				CLANG_WARN_UNREACHABLE_CODE = YES;
				CLANG_WARN__DUPLICATE_METHOD_MATCH = YES;
				COPY_PHASE_STRIP = NO;
				DEBUG_INFORMATION_FORMAT = "dwarf-with-dsym";
				ENABLE_NS_ASSERTIONS = NO;
				ENABLE_STRICT_OBJC_MSGSEND = YES;
				ENABLE_USER_SCRIPT_SANDBOXING = YES;
				GCC_C_LANGUAGE_STANDARD = gnu17;
				GCC_NO_COMMON_BLOCKS = YES;
				GCC_WARN_64_TO_32_BIT_CONVERSION = YES;
				GCC_WARN_ABOUT_RETURN_TYPE = YES_ERROR;
				GCC_WARN_UNDECLARED_SELECTOR = YES;
				GCC_WARN_UNINITIALIZED_AUTOS = YES_AGGRESSIVE;
				GCC_WARN_UNUSED_FUNCTION = YES;
				GCC_WARN_UNUSED_VARIABLE = YES;
				IPHONEOS_DEPLOYMENT_TARGET = 17.5;
				LOCALIZATION_PREFERS_STRING_CATALOGS = YES;
				MTL_ENABLE_DEBUG_INFO = NO;
				MTL_FAST_MATH = YES;
				SDKROOT = iphoneos;
				SWIFT_COMPILATION_MODE = wholemodule;
				VALIDATE_PRODUCT = YES;
			};
			name = Release;
		};
		0D80A0092D2E3BD400557D5E /* Debug */ = {
			isa = XCBuildConfiguration;
			buildSettings = {
				ASSETCATALOG_COMPILER_APPICON_NAME = AppIcon;
				ASSETCATALOG_COMPILER_GLOBAL_ACCENT_COLOR_NAME = AccentColor;
				CODE_SIGN_ENTITLEMENTS = PatientCare/PatientCare.entitlements;
				CODE_SIGN_STYLE = Automatic;
				CURRENT_PROJECT_VERSION = 1;
				DEVELOPMENT_ASSET_PATHS = "\"PatientCare/Preview Content\"";
				ENABLE_PREVIEWS = YES;
				GENERATE_INFOPLIST_FILE = YES;
				INFOPLIST_KEY_NSHealthShareUsageDescription = "We need your health data access to proceed";
				INFOPLIST_KEY_NSHealthUpdateUsageDescription = "We need your health data access to proceed";
				INFOPLIST_KEY_UIApplicationSceneManifest_Generation = YES;
				INFOPLIST_KEY_UIApplicationSupportsIndirectInputEvents = YES;
				INFOPLIST_KEY_UILaunchScreen_Generation = YES;
				INFOPLIST_KEY_UISupportedInterfaceOrientations_iPad = "UIInterfaceOrientationPortrait UIInterfaceOrientationPortraitUpsideDown UIInterfaceOrientationLandscapeLeft UIInterfaceOrientationLandscapeRight";
				INFOPLIST_KEY_UISupportedInterfaceOrientations_iPhone = "UIInterfaceOrientationPortrait UIInterfaceOrientationLandscapeLeft UIInterfaceOrientationLandscapeRight";
				LD_RUNPATH_SEARCH_PATHS = (
					"$(inherited)",
					"@executable_path/Frameworks",
				);
				MARKETING_VERSION = 1.0;
				PRODUCT_BUNDLE_IDENTIFIER = HealthBand.PatientCare;
				PRODUCT_NAME = "$(TARGET_NAME)";
				SWIFT_EMIT_LOC_STRINGS = YES;
				SWIFT_VERSION = 5.0;
				TARGETED_DEVICE_FAMILY = "1,2";
			};
			name = Debug;
		};
		0D80A00A2D2E3BD400557D5E /* Release */ = {
			isa = XCBuildConfiguration;
			buildSettings = {
				ASSETCATALOG_COMPILER_APPICON_NAME = AppIcon;
				ASSETCATALOG_COMPILER_GLOBAL_ACCENT_COLOR_NAME = AccentColor;
				CODE_SIGN_ENTITLEMENTS = PatientCare/PatientCare.entitlements;
				CODE_SIGN_STYLE = Automatic;
				CURRENT_PROJECT_VERSION = 1;
				DEVELOPMENT_ASSET_PATHS = "\"PatientCare/Preview Content\"";
				ENABLE_PREVIEWS = YES;
				GENERATE_INFOPLIST_FILE = YES;
				INFOPLIST_KEY_NSHealthShareUsageDescription = "We need your health data access to proceed";
				INFOPLIST_KEY_NSHealthUpdateUsageDescription = "We need your health data access to proceed";
				INFOPLIST_KEY_UIApplicationSceneManifest_Generation = YES;
				INFOPLIST_KEY_UIApplicationSupportsIndirectInputEvents = YES;
				INFOPLIST_KEY_UILaunchScreen_Generation = YES;
				INFOPLIST_KEY_UISupportedInterfaceOrientations_iPad = "UIInterfaceOrientationPortrait UIInterfaceOrientationPortraitUpsideDown UIInterfaceOrientationLandscapeLeft UIInterfaceOrientationLandscapeRight";
				INFOPLIST_KEY_UISupportedInterfaceOrientations_iPhone = "UIInterfaceOrientationPortrait UIInterfaceOrientationLandscapeLeft UIInterfaceOrientationLandscapeRight";
				LD_RUNPATH_SEARCH_PATHS = (
					"$(inherited)",
					"@executable_path/Frameworks",
				);
				MARKETING_VERSION = 1.0;
				PRODUCT_BUNDLE_IDENTIFIER = HealthBand.PatientCare;
				PRODUCT_NAME = "$(TARGET_NAME)";
				SWIFT_EMIT_LOC_STRINGS = YES;
				SWIFT_VERSION = 5.0;
				TARGETED_DEVICE_FAMILY = "1,2";
			};
			name = Release;
		};
		0D80A00C2D2E3BD400557D5E /* Debug */ = {
			isa = XCBuildConfiguration;
			buildSettings = {
				ALWAYS_EMBED_SWIFT_STANDARD_LIBRARIES = YES;
				BUNDLE_LOADER = "$(TEST_HOST)";
				CODE_SIGN_STYLE = Automatic;
				CURRENT_PROJECT_VERSION = 1;
				GENERATE_INFOPLIST_FILE = YES;
				IPHONEOS_DEPLOYMENT_TARGET = 17.5;
				MARKETING_VERSION = 1.0;
				PRODUCT_BUNDLE_IDENTIFIER = HealthBand.PatientCareTests;
				PRODUCT_NAME = "$(TARGET_NAME)";
				SWIFT_EMIT_LOC_STRINGS = NO;
				SWIFT_VERSION = 5.0;
				TARGETED_DEVICE_FAMILY = "1,2";
				TEST_HOST = "$(BUILT_PRODUCTS_DIR)/PatientCare.app/$(BUNDLE_EXECUTABLE_FOLDER_PATH)/PatientCare";
			};
			name = Debug;
		};
		0D80A00D2D2E3BD400557D5E /* Release */ = {
			isa = XCBuildConfiguration;
			buildSettings = {
				ALWAYS_EMBED_SWIFT_STANDARD_LIBRARIES = YES;
				BUNDLE_LOADER = "$(TEST_HOST)";
				CODE_SIGN_STYLE = Automatic;
				CURRENT_PROJECT_VERSION = 1;
				GENERATE_INFOPLIST_FILE = YES;
				IPHONEOS_DEPLOYMENT_TARGET = 17.5;
				MARKETING_VERSION = 1.0;
				PRODUCT_BUNDLE_IDENTIFIER = HealthBand.PatientCareTests;
				PRODUCT_NAME = "$(TARGET_NAME)";
				SWIFT_EMIT_LOC_STRINGS = NO;
				SWIFT_VERSION = 5.0;
				TARGETED_DEVICE_FAMILY = "1,2";
				TEST_HOST = "$(BUILT_PRODUCTS_DIR)/PatientCare.app/$(BUNDLE_EXECUTABLE_FOLDER_PATH)/PatientCare";
			};
			name = Release;
		};
		0D80A00F2D2E3BD400557D5E /* Debug */ = {
			isa = XCBuildConfiguration;
			buildSettings = {
				ALWAYS_EMBED_SWIFT_STANDARD_LIBRARIES = YES;
				CODE_SIGN_STYLE = Automatic;
				CURRENT_PROJECT_VERSION = 1;
				GENERATE_INFOPLIST_FILE = YES;
				MARKETING_VERSION = 1.0;
				PRODUCT_BUNDLE_IDENTIFIER = HealthBand.PatientCareUITests;
				PRODUCT_NAME = "$(TARGET_NAME)";
				SWIFT_EMIT_LOC_STRINGS = NO;
				SWIFT_VERSION = 5.0;
				TARGETED_DEVICE_FAMILY = "1,2";
				TEST_TARGET_NAME = PatientCare;
			};
			name = Debug;
		};
		0D80A0102D2E3BD400557D5E /* Release */ = {
			isa = XCBuildConfiguration;
			buildSettings = {
				ALWAYS_EMBED_SWIFT_STANDARD_LIBRARIES = YES;
				CODE_SIGN_STYLE = Automatic;
				CURRENT_PROJECT_VERSION = 1;
				GENERATE_INFOPLIST_FILE = YES;
				MARKETING_VERSION = 1.0;
				PRODUCT_BUNDLE_IDENTIFIER = HealthBand.PatientCareUITests;
				PRODUCT_NAME = "$(TARGET_NAME)";
				SWIFT_EMIT_LOC_STRINGS = NO;
				SWIFT_VERSION = 5.0;
				TARGETED_DEVICE_FAMILY = "1,2";
				TEST_TARGET_NAME = PatientCare;
			};
			name = Release;
		};
/* End XCBuildConfiguration section */

/* Begin XCConfigurationList section */
		0D809FDF2D2E3BC900557D5E /* Build configuration list for PBXProject "PatientCare" */ = {
			isa = XCConfigurationList;
			buildConfigurations = (
				0D80A0062D2E3BD400557D5E /* Debug */,
				0D80A0072D2E3BD400557D5E /* Release */,
			);
			defaultConfigurationIsVisible = 0;
			defaultConfigurationName = Release;
		};
		0D80A0082D2E3BD400557D5E /* Build configuration list for PBXNativeTarget "PatientCare" */ = {
			isa = XCConfigurationList;
			buildConfigurations = (
				0D80A0092D2E3BD400557D5E /* Debug */,
				0D80A00A2D2E3BD400557D5E /* Release */,
			);
			defaultConfigurationIsVisible = 0;
			defaultConfigurationName = Release;
		};
		0D80A00B2D2E3BD400557D5E /* Build configuration list for PBXNativeTarget "PatientCareTests" */ = {
			isa = XCConfigurationList;
			buildConfigurations = (
				0D80A00C2D2E3BD400557D5E /* Debug */,
				0D80A00D2D2E3BD400557D5E /* Release */,
			);
			defaultConfigurationIsVisible = 0;
			defaultConfigurationName = Release;
		};
		0D80A00E2D2E3BD400557D5E /* Build configuration list for PBXNativeTarget "PatientCareUITests" */ = {
			isa = XCConfigurationList;
			buildConfigurations = (
				0D80A00F2D2E3BD400557D5E /* Debug */,
				0D80A0102D2E3BD400557D5E /* Release */,
			);
			defaultConfigurationIsVisible = 0;
			defaultConfigurationName = Release;
		};
/* End XCConfigurationList section */

/* Begin XCRemoteSwiftPackageReference section */
		0D80A02F2D2E3D1F00557D5E /* XCRemoteSwiftPackageReference "firebase-ios-sdk" */ = {
			isa = XCRemoteSwiftPackageReference;
			repositoryURL = "https://github.com/firebase/firebase-ios-sdk.git";
			requirement = {
				kind = upToNextMajorVersion;
				minimumVersion = 11.6.0;
			};
		};
/* End XCRemoteSwiftPackageReference section */

/* Begin XCSwiftPackageProductDependency section */
		0D80A0302D2E3D1F00557D5E /* FirebaseAnalytics */ = {
			isa = XCSwiftPackageProductDependency;
			package = 0D80A02F2D2E3D1F00557D5E /* XCRemoteSwiftPackageReference "firebase-ios-sdk" */;
			productName = FirebaseAnalytics;
		};
		0D80A0322D2E3D1F00557D5E /* FirebaseAnalyticsOnDeviceConversion */ = {
			isa = XCSwiftPackageProductDependency;
			package = 0D80A02F2D2E3D1F00557D5E /* XCRemoteSwiftPackageReference "firebase-ios-sdk" */;
			productName = FirebaseAnalyticsOnDeviceConversion;
		};
		0D80A0342D2E3D1F00557D5E /* FirebaseAnalyticsWithoutAdIdSupport */ = {
			isa = XCSwiftPackageProductDependency;
			package = 0D80A02F2D2E3D1F00557D5E /* XCRemoteSwiftPackageReference "firebase-ios-sdk" */;
			productName = FirebaseAnalyticsWithoutAdIdSupport;
		};
		0D80A0362D2E3D1F00557D5E /* FirebaseAppCheck */ = {
			isa = XCSwiftPackageProductDependency;
			package = 0D80A02F2D2E3D1F00557D5E /* XCRemoteSwiftPackageReference "firebase-ios-sdk" */;
			productName = FirebaseAppCheck;
		};
		0D80A0382D2E3D1F00557D5E /* FirebaseAppDistribution-Beta */ = {
			isa = XCSwiftPackageProductDependency;
			package = 0D80A02F2D2E3D1F00557D5E /* XCRemoteSwiftPackageReference "firebase-ios-sdk" */;
			productName = "FirebaseAppDistribution-Beta";
		};
		0D80A03A2D2E3D1F00557D5E /* FirebaseAuth */ = {
			isa = XCSwiftPackageProductDependency;
			package = 0D80A02F2D2E3D1F00557D5E /* XCRemoteSwiftPackageReference "firebase-ios-sdk" */;
			productName = FirebaseAuth;
		};
		0D80A03C2D2E3D1F00557D5E /* FirebaseAuthCombine-Community */ = {
			isa = XCSwiftPackageProductDependency;
			package = 0D80A02F2D2E3D1F00557D5E /* XCRemoteSwiftPackageReference "firebase-ios-sdk" */;
			productName = "FirebaseAuthCombine-Community";
		};
		0D80A03E2D2E3D1F00557D5E /* FirebaseCore */ = {
			isa = XCSwiftPackageProductDependency;
			package = 0D80A02F2D2E3D1F00557D5E /* XCRemoteSwiftPackageReference "firebase-ios-sdk" */;
			productName = FirebaseCore;
		};
		0D80A0402D2E3D1F00557D5E /* FirebaseCrashlytics */ = {
			isa = XCSwiftPackageProductDependency;
			package = 0D80A02F2D2E3D1F00557D5E /* XCRemoteSwiftPackageReference "firebase-ios-sdk" */;
			productName = FirebaseCrashlytics;
		};
		0D80A0422D2E3D1F00557D5E /* FirebaseDatabase */ = {
			isa = XCSwiftPackageProductDependency;
			package = 0D80A02F2D2E3D1F00557D5E /* XCRemoteSwiftPackageReference "firebase-ios-sdk" */;
			productName = FirebaseDatabase;
		};
		0D80A0442D2E3D1F00557D5E /* FirebaseDynamicLinks */ = {
			isa = XCSwiftPackageProductDependency;
			package = 0D80A02F2D2E3D1F00557D5E /* XCRemoteSwiftPackageReference "firebase-ios-sdk" */;
			productName = FirebaseDynamicLinks;
		};
		0D80A0462D2E3D1F00557D5E /* FirebaseFirestore */ = {
			isa = XCSwiftPackageProductDependency;
			package = 0D80A02F2D2E3D1F00557D5E /* XCRemoteSwiftPackageReference "firebase-ios-sdk" */;
			productName = FirebaseFirestore;
		};
		0D80A0482D2E3D1F00557D5E /* FirebaseFirestoreCombine-Community */ = {
			isa = XCSwiftPackageProductDependency;
			package = 0D80A02F2D2E3D1F00557D5E /* XCRemoteSwiftPackageReference "firebase-ios-sdk" */;
			productName = "FirebaseFirestoreCombine-Community";
		};
		0D80A04A2D2E3D1F00557D5E /* FirebaseFunctions */ = {
			isa = XCSwiftPackageProductDependency;
			package = 0D80A02F2D2E3D1F00557D5E /* XCRemoteSwiftPackageReference "firebase-ios-sdk" */;
			productName = FirebaseFunctions;
		};
		0D80A04C2D2E3D1F00557D5E /* FirebaseFunctionsCombine-Community */ = {
			isa = XCSwiftPackageProductDependency;
			package = 0D80A02F2D2E3D1F00557D5E /* XCRemoteSwiftPackageReference "firebase-ios-sdk" */;
			productName = "FirebaseFunctionsCombine-Community";
		};
		0D80A04E2D2E3D1F00557D5E /* FirebaseInAppMessaging-Beta */ = {
			isa = XCSwiftPackageProductDependency;
			package = 0D80A02F2D2E3D1F00557D5E /* XCRemoteSwiftPackageReference "firebase-ios-sdk" */;
			productName = "FirebaseInAppMessaging-Beta";
		};
		0D80A0502D2E3D1F00557D5E /* FirebaseInstallations */ = {
			isa = XCSwiftPackageProductDependency;
			package = 0D80A02F2D2E3D1F00557D5E /* XCRemoteSwiftPackageReference "firebase-ios-sdk" */;
			productName = FirebaseInstallations;
		};
		0D80A0522D2E3D1F00557D5E /* FirebaseMLModelDownloader */ = {
			isa = XCSwiftPackageProductDependency;
			package = 0D80A02F2D2E3D1F00557D5E /* XCRemoteSwiftPackageReference "firebase-ios-sdk" */;
			productName = FirebaseMLModelDownloader;
		};
		0D80A0542D2E3D1F00557D5E /* FirebaseMessaging */ = {
			isa = XCSwiftPackageProductDependency;
			package = 0D80A02F2D2E3D1F00557D5E /* XCRemoteSwiftPackageReference "firebase-ios-sdk" */;
			productName = FirebaseMessaging;
		};
		0D80A0562D2E3D1F00557D5E /* FirebasePerformance */ = {
			isa = XCSwiftPackageProductDependency;
			package = 0D80A02F2D2E3D1F00557D5E /* XCRemoteSwiftPackageReference "firebase-ios-sdk" */;
			productName = FirebasePerformance;
		};
		0D80A0582D2E3D1F00557D5E /* FirebaseRemoteConfig */ = {
			isa = XCSwiftPackageProductDependency;
			package = 0D80A02F2D2E3D1F00557D5E /* XCRemoteSwiftPackageReference "firebase-ios-sdk" */;
			productName = FirebaseRemoteConfig;
		};
		0D80A05A2D2E3D1F00557D5E /* FirebaseStorage */ = {
			isa = XCSwiftPackageProductDependency;
			package = 0D80A02F2D2E3D1F00557D5E /* XCRemoteSwiftPackageReference "firebase-ios-sdk" */;
			productName = FirebaseStorage;
		};
		0D80A05C2D2E3D1F00557D5E /* FirebaseStorageCombine-Community */ = {
			isa = XCSwiftPackageProductDependency;
			package = 0D80A02F2D2E3D1F00557D5E /* XCRemoteSwiftPackageReference "firebase-ios-sdk" */;
			productName = "FirebaseStorageCombine-Community";
		};
		0D80A05E2D2E3D1F00557D5E /* FirebaseVertexAI */ = {
			isa = XCSwiftPackageProductDependency;
			package = 0D80A02F2D2E3D1F00557D5E /* XCRemoteSwiftPackageReference "firebase-ios-sdk" */;
			productName = FirebaseVertexAI;
		};
/* End XCSwiftPackageProductDependency section */
	};
	rootObject = 0D809FDC2D2E3BC900557D5E /* Project object */;
}
